
Microsoft Visual Studio Solution File, Format Version 12.00
# Visual Studio Version 17
VisualStudioVersion = 17.9.34728.123
MinimumVisualStudioVersion = 10.0.40219.1
Project("{FAE04EC0-301F-11D3-BF4B-00C04F79EFBC}") = "WorkWithPost", "WorkWithPost.csproj", "{9C4CC42E-76BA-4050-A013-9F02EC2A3297}"
EndProject
Global
	GlobalSection(SolutionConfigurationPlatforms) = preSolution
		Debug|Any CPU = Debug|Any CPU
		Release|Any CPU = Release|Any CPU
	EndGlobalSection
	GlobalSection(ProjectConfigurationPlatforms) = postSolution
		{9C4CC42E-76BA-4050-A013-9F02EC2A3297}.Debug|Any CPU.ActiveCfg = Debug|Any CPU
		{9C4CC42E-76BA-4050-A013-9F02EC2A3297}.Debug|Any CPU.Build.0 = Debug|Any CPU
		{9C4CC42E-76BA-4050-A013-9F02EC2A3297}.Release|Any CPU.ActiveCfg = Release|Any CPU
		{9C4CC42E-76BA-4050-A013-9F02EC2A3297}.Release|Any CPU.Build.0 = Release|Any CPU
	EndGlobalSection
	GlobalSection(SolutionProperties) = preSolution
		HideSolutionNode = FALSE
	EndGlobalSection
	GlobalSection(ExtensibilityGlobals) = postSolution
		SolutionGuid = {98A793B4-D248-450F-A74A-5E1DF69BC88B}
	EndGlobalSection
EndGlobal
